
Microsoft Visual Studio Solution File, Format Version 12.00
# Visual Studio Version 17
VisualStudioVersion = 17.11.35222.181
MinimumVisualStudioVersion = 10.0.40219.1
Project("{FAE04EC0-301F-11D3-BF4B-00C04F79EFBC}") = "apbd_tut1", "apbd_tut1\apbd_tut1.csproj", "{9BB93BA5-B114-4022-8DA3-100CCCCE593F}"
EndProject
Global
	GlobalSection(SolutionConfigurationPlatforms) = preSolution
		Debug|Any CPU = Debug|Any CPU
		Release|Any CPU = Release|Any CPU
	EndGlobalSection
	GlobalSection(ProjectConfigurationPlatforms) = postSolution
		{9BB93BA5-B114-4022-8DA3-100CCCCE593F}.Debug|Any CPU.ActiveCfg = Debug|Any CPU
		{9BB93BA5-B114-4022-8DA3-100CCCCE593F}.Debug|Any CPU.Build.0 = Debug|Any CPU
		{9BB93BA5-B114-4022-8DA3-100CCCCE593F}.Release|Any CPU.ActiveCfg = Release|Any CPU
		{9BB93BA5-B114-4022-8DA3-100CCCCE593F}.Release|Any CPU.Build.0 = Release|Any CPU
	EndGlobalSection
	GlobalSection(SolutionProperties) = preSolution
		HideSolutionNode = FALSE
	EndGlobalSection
	GlobalSection(ExtensibilityGlobals) = postSolution
		SolutionGuid = {FC5C9422-307A-4657-BBEB-6D808ED639AB}
	EndGlobalSection
EndGlobal
